// !$*UTF8*$!
{
	archiveVersion = 1;
	classes = {
	};
	objectVersion = 50;
	objects = {

/* Begin PBXBuildFile section */
		34442E37230DBE6300472D82 /* AppDelegate.swift in Sources */ = {isa = PBXBuildFile; fileRef = 34442E36230DBE6300472D82 /* AppDelegate.swift */; };
		34442E39230DBE6300472D82 /* ViewController.swift in Sources */ = {isa = PBXBuildFile; fileRef = 34442E38230DBE6300472D82 /* ViewController.swift */; };
		34442E3C230DBE6300472D82 /* Main.storyboard in Resources */ = {isa = PBXBuildFile; fileRef = 34442E3A230DBE6300472D82 /* Main.storyboard */; };
		34442E3E230DBE6500472D82 /* Assets.xcassets in Resources */ = {isa = PBXBuildFile; fileRef = 34442E3D230DBE6500472D82 /* Assets.xcassets */; };
		34442E41230DBE6500472D82 /* LaunchScreen.storyboard in Resources */ = {isa = PBXBuildFile; fileRef = 34442E3F230DBE6500472D82 /* LaunchScreen.storyboard */; };
		34442E4C230DBE6500472D82 /* UICollectionViewTests.swift in Sources */ = {isa = PBXBuildFile; fileRef = 34442E4B230DBE6500472D82 /* UICollectionViewTests.swift */; };
		34442E57230DBE6500472D82 /* UICollectionViewUITests.swift in Sources */ = {isa = PBXBuildFile; fileRef = 34442E56230DBE6500472D82 /* UICollectionViewUITests.swift */; };
/* End PBXBuildFile section */

/* Begin PBXContainerItemProxy section */
		34442E48230DBE6500472D82 /* PBXContainerItemProxy */ = {
			isa = PBXContainerItemProxy;
			containerPortal = 34442E2B230DBE6300472D82 /* Project object */;
			proxyType = 1;
			remoteGlobalIDString = 34442E32230DBE6300472D82;
			remoteInfo = UICollectionView;
		};
		34442E53230DBE6500472D82 /* PBXContainerItemProxy */ = {
			isa = PBXContainerItemProxy;
			containerPortal = 34442E2B230DBE6300472D82 /* Project object */;
			proxyType = 1;
			remoteGlobalIDString = 34442E32230DBE6300472D82;
			remoteInfo = UICollectionView;
		};
/* End PBXContainerItemProxy section */

/* Begin PBXFileReference section */
		34442E33230DBE6300472D82 /* UICollectionView.app */ = {isa = PBXFileReference; explicitFileType = wrapper.application; includeInIndex = 0; path = UICollectionView.app; sourceTree = BUILT_PRODUCTS_DIR; };
		34442E36230DBE6300472D82 /* AppDelegate.swift */ = {isa = PBXFileReference; lastKnownFileType = sourcecode.swift; path = AppDelegate.swift; sourceTree = "<group>"; };
		34442E38230DBE6300472D82 /* ViewController.swift */ = {isa = PBXFileReference; lastKnownFileType = sourcecode.swift; path = ViewController.swift; sourceTree = "<group>"; };
		34442E3B230DBE6300472D82 /* Base */ = {isa = PBXFileReference; lastKnownFileType = file.storyboard; name = Base; path = Base.lproj/Main.storyboard; sourceTree = "<group>"; };
		34442E3D230DBE6500472D82 /* Assets.xcassets */ = {isa = PBXFileReference; lastKnownFileType = folder.assetcatalog; path = Assets.xcassets; sourceTree = "<group>"; };
		34442E40230DBE6500472D82 /* Base */ = {isa = PBXFileReference; lastKnownFileType = file.storyboard; name = Base; path = Base.lproj/LaunchScreen.storyboard; sourceTree = "<group>"; };
		34442E42230DBE6500472D82 /* Info.plist */ = {isa = PBXFileReference; lastKnownFileType = text.plist.xml; path = Info.plist; sourceTree = "<group>"; };
		34442E47230DBE6500472D82 /* UICollectionViewTests.xctest */ = {isa = PBXFileReference; explicitFileType = wrapper.cfbundle; includeInIndex = 0; path = UICollectionViewTests.xctest; sourceTree = BUILT_PRODUCTS_DIR; };
		34442E4B230DBE6500472D82 /* UICollectionViewTests.swift */ = {isa = PBXFileReference; lastKnownFileType = sourcecode.swift; path = UICollectionViewTests.swift; sourceTree = "<group>"; };
		34442E4D230DBE6500472D82 /* Info.plist */ = {isa = PBXFileReference; lastKnownFileType = text.plist.xml; path = Info.plist; sourceTree = "<group>"; };
		34442E52230DBE6500472D82 /* UICollectionViewUITests.xctest */ = {isa = PBXFileReference; explicitFileType = wrapper.cfbundle; includeInIndex = 0; path = UICollectionViewUITests.xctest; sourceTree = BUILT_PRODUCTS_DIR; };
		34442E56230DBE6500472D82 /* UICollectionViewUITests.swift */ = {isa = PBXFileReference; lastKnownFileType = sourcecode.swift; path = UICollectionViewUITests.swift; sourceTree = "<group>"; };
		34442E58230DBE6500472D82 /* Info.plist */ = {isa = PBXFileReference; lastKnownFileType = text.plist.xml; path = Info.plist; sourceTree = "<group>"; };
/* End PBXFileReference section */

/* Begin PBXFrameworksBuildPhase section */
		34442E30230DBE6300472D82 /* Frameworks */ = {
			isa = PBXFrameworksBuildPhase;
			buildActionMask = 2147483647;
			files = (
			);
			runOnlyForDeploymentPostprocessing = 0;
		};
		34442E44230DBE6500472D82 /* Frameworks */ = {
			isa = PBXFrameworksBuildPhase;
			buildActionMask = 2147483647;
			files = (
			);
			runOnlyForDeploymentPostprocessing = 0;
		};
		34442E4F230DBE6500472D82 /* Frameworks */ = {
			isa = PBXFrameworksBuildPhase;
			buildActionMask = 2147483647;
			files = (
			);
			runOnlyForDeploymentPostprocessing = 0;
		};
/* End PBXFrameworksBuildPhase section */

/* Begin PBXGroup section */
		34442E2A230DBE6300472D82 = {
			isa = PBXGroup;
			children = (
				34442E35230DBE6300472D82 /* UICollectionView */,
				34442E4A230DBE6500472D82 /* UICollectionViewTests */,
				34442E55230DBE6500472D82 /* UICollectionViewUITests */,
				34442E34230DBE6300472D82 /* Products */,
			);
			sourceTree = "<group>";
		};
		34442E34230DBE6300472D82 /* Products */ = {
			isa = PBXGroup;
			children = (
				34442E33230DBE6300472D82 /* UICollectionView.app */,
				34442E47230DBE6500472D82 /* UICollectionViewTests.xctest */,
				34442E52230DBE6500472D82 /* UICollectionViewUITests.xctest */,
			);
			name = Products;
			sourceTree = "<group>";
		};
		34442E35230DBE6300472D82 /* UICollectionView */ = {
			isa = PBXGroup;
			children = (
				34442E36230DBE6300472D82 /* AppDelegate.swift */,
				34442E38230DBE6300472D82 /* ViewController.swift */,
				34442E3A230DBE6300472D82 /* Main.storyboard */,
				34442E3D230DBE6500472D82 /* Assets.xcassets */,
				34442E3F230DBE6500472D82 /* LaunchScreen.storyboard */,
				34442E42230DBE6500472D82 /* Info.plist */,
			);
			path = UICollectionView;
			sourceTree = "<group>";
		};
		34442E4A230DBE6500472D82 /* UICollectionViewTests */ = {
			isa = PBXGroup;
			children = (
				34442E4B230DBE6500472D82 /* UICollectionViewTests.swift */,
				34442E4D230DBE6500472D82 /* Info.plist */,
			);
			path = UICollectionViewTests;
			sourceTree = "<group>";
		};
		34442E55230DBE6500472D82 /* UICollectionViewUITests */ = {
			isa = PBXGroup;
			children = (
				34442E56230DBE6500472D82 /* UICollectionViewUITests.swift */,
				34442E58230DBE6500472D82 /* Info.plist */,
			);
			path = UICollectionViewUITests;
			sourceTree = "<group>";
		};
/* End PBXGroup section */

/* Begin PBXNativeTarget section */
		34442E32230DBE6300472D82 /* UICollectionView */ = {
			isa = PBXNativeTarget;
			buildConfigurationList = 34442E5B230DBE6500472D82 /* Build configuration list for PBXNativeTarget "UICollectionView" */;
			buildPhases = (
				34442E2F230DBE6300472D82 /* Sources */,
				34442E30230DBE6300472D82 /* Frameworks */,
				34442E31230DBE6300472D82 /* Resources */,
			);
			buildRules = (
			);
			dependencies = (
			);
			name = UICollectionView;
			productName = UICollectionView;
			productReference = 34442E33230DBE6300472D82 /* UICollectionView.app */;
			productType = "com.apple.product-type.application";
		};
		34442E46230DBE6500472D82 /* UICollectionViewTests */ = {
			isa = PBXNativeTarget;
			buildConfigurationList = 34442E5E230DBE6500472D82 /* Build configuration list for PBXNativeTarget "UICollectionViewTests" */;
			buildPhases = (
				34442E43230DBE6500472D82 /* Sources */,
				34442E44230DBE6500472D82 /* Frameworks */,
				34442E45230DBE6500472D82 /* Resources */,
			);
			buildRules = (
			);
			dependencies = (
				34442E49230DBE6500472D82 /* PBXTargetDependency */,
			);
			name = UICollectionViewTests;
			productName = UICollectionViewTests;
			productReference = 34442E47230DBE6500472D82 /* UICollectionViewTests.xctest */;
			productType = "com.apple.product-type.bundle.unit-test";
		};
		34442E51230DBE6500472D82 /* UICollectionViewUITests */ = {
			isa = PBXNativeTarget;
			buildConfigurationList = 34442E61230DBE6500472D82 /* Build configuration list for PBXNativeTarget "UICollectionViewUITests" */;
			buildPhases = (
				34442E4E230DBE6500472D82 /* Sources */,
				34442E4F230DBE6500472D82 /* Frameworks */,
				34442E50230DBE6500472D82 /* Resources */,
			);
			buildRules = (
			);
			dependencies = (
				34442E54230DBE6500472D82 /* PBXTargetDependency */,
			);
			name = UICollectionViewUITests;
			productName = UICollectionViewUITests;
			productReference = 34442E52230DBE6500472D82 /* UICollectionViewUITests.xctest */;
			productType = "com.apple.product-type.bundle.ui-testing";
		};
/* End PBXNativeTarget section */

/* Begin PBXProject section */
		34442E2B230DBE6300472D82 /* Project object */ = {
			isa = PBXProject;
			attributes = {
				LastSwiftUpdateCheck = 1030;
				LastUpgradeCheck = 1030;
				ORGANIZATIONNAME = "Josael Hernandez";
				TargetAttributes = {
					34442E32230DBE6300472D82 = {
						CreatedOnToolsVersion = 10.3;
					};
					34442E46230DBE6500472D82 = {
						CreatedOnToolsVersion = 10.3;
						TestTargetID = 34442E32230DBE6300472D82;
					};
					34442E51230DBE6500472D82 = {
						CreatedOnToolsVersion = 10.3;
						TestTargetID = 34442E32230DBE6300472D82;
					};
				};
			};
			buildConfigurationList = 34442E2E230DBE6300472D82 /* Build configuration list for PBXProject "UICollectionView" */;
			compatibilityVersion = "Xcode 9.3";
			developmentRegion = en;
			hasScannedForEncodings = 0;
			knownRegions = (
				en,
				Base,
			);
			mainGroup = 34442E2A230DBE6300472D82;
			productRefGroup = 34442E34230DBE6300472D82 /* Products */;
			projectDirPath = "";
			projectRoot = "";
			targets = (
				34442E32230DBE6300472D82 /* UICollectionView */,
				34442E46230DBE6500472D82 /* UICollectionViewTests */,
				34442E51230DBE6500472D82 /* UICollectionViewUITests */,
			);
		};
/* End PBXProject section */

/* Begin PBXResourcesBuildPhase section */
		34442E31230DBE6300472D82 /* Resources */ = {
			isa = PBXResourcesBuildPhase;
			buildActionMask = 2147483647;
			files = (
				34442E41230DBE6500472D82 /* LaunchScreen.storyboard in Resources */,
				34442E3E230DBE6500472D82 /* Assets.xcassets in Resources */,
				34442E3C230DBE6300472D82 /* Main.storyboard in Resources */,
			);
			runOnlyForDeploymentPostprocessing = 0;
		};
		34442E45230DBE6500472D82 /* Resources */ = {
			isa = PBXResourcesBuildPhase;
			buildActionMask = 2147483647;
			files = (
			);
			runOnlyForDeploymentPostprocessing = 0;
		};
		34442E50230DBE6500472D82 /* Resources */ = {
			isa = PBXResourcesBuildPhase;
			buildActionMask = 2147483647;
			files = (
			);
			runOnlyForDeploymentPostprocessing = 0;
		};
/* End PBXResourcesBuildPhase section */

/* Begin PBXSourcesBuildPhase section */
		34442E2F230DBE6300472D82 /* Sources */ = {
			isa = PBXSourcesBuildPhase;
			buildActionMask = 2147483647;
			files = (
				34442E39230DBE6300472D82 /* ViewController.swift in Sources */,
				34442E37230DBE6300472D82 /* AppDelegate.swift in Sources */,
			);
			runOnlyForDeploymentPostprocessing = 0;
		};
		34442E43230DBE6500472D82 /* Sources */ = {
			isa = PBXSourcesBuildPhase;
			buildActionMask = 2147483647;
			files = (
				34442E4C230DBE6500472D82 /* UICollectionViewTests.swift in Sources */,
			);
			runOnlyForDeploymentPostprocessing = 0;
		};
		34442E4E230DBE6500472D82 /* Sources */ = {
			isa = PBXSourcesBuildPhase;
			buildActionMask = 2147483647;
			files = (
				34442E57230DBE6500472D82 /* UICollectionViewUITests.swift in Sources */,
			);
			runOnlyForDeploymentPostprocessing = 0;
		};
/* End PBXSourcesBuildPhase section */

/* Begin PBXTargetDependency section */
		34442E49230DBE6500472D82 /* PBXTargetDependency */ = {
			isa = PBXTargetDependency;
			target = 34442E32230DBE6300472D82 /* UICollectionView */;
			targetProxy = 34442E48230DBE6500472D82 /* PBXContainerItemProxy */;
		};
		34442E54230DBE6500472D82 /* PBXTargetDependency */ = {
			isa = PBXTargetDependency;
			target = 34442E32230DBE6300472D82 /* UICollectionView */;
			targetProxy = 34442E53230DBE6500472D82 /* PBXContainerItemProxy */;
		};
/* End PBXTargetDependency section */

/* Begin PBXVariantGroup section */
		34442E3A230DBE6300472D82 /* Main.storyboard */ = {
			isa = PBXVariantGroup;
			children = (
				34442E3B230DBE6300472D82 /* Base */,
			);
			name = Main.storyboard;
			sourceTree = "<group>";
		};
		34442E3F230DBE6500472D82 /* LaunchScreen.storyboard */ = {
			isa = PBXVariantGroup;
			children = (
				34442E40230DBE6500472D82 /* Base */,
			);
			name = LaunchScreen.storyboard;
			sourceTree = "<group>";
		};
/* End PBXVariantGroup section */

/* Begin XCBuildConfiguration section */
		34442E59230DBE6500472D82 /* Debug */ = {
			isa = XCBuildConfiguration;
			buildSettings = {
				ALWAYS_SEARCH_USER_PATHS = NO;
				CLANG_ANALYZER_NONNULL = YES;
				CLANG_ANALYZER_NUMBER_OBJECT_CONVERSION = YES_AGGRESSIVE;
				CLANG_CXX_LANGUAGE_STANDARD = "gnu++14";
				CLANG_CXX_LIBRARY = "libc++";
				CLANG_ENABLE_MODULES = YES;
				CLANG_ENABLE_OBJC_ARC = YES;
				CLANG_ENABLE_OBJC_WEAK = YES;
				CLANG_WARN_BLOCK_CAPTURE_AUTORELEASING = YES;
				CLANG_WARN_BOOL_CONVERSION = YES;
				CLANG_WARN_COMMA = YES;
				CLANG_WARN_CONSTANT_CONVERSION = YES;
				CLANG_WARN_DEPRECATED_OBJC_IMPLEMENTATIONS = YES;
				CLANG_WARN_DIRECT_OBJC_ISA_USAGE = YES_ERROR;
				CLANG_WARN_DOCUMENTATION_COMMENTS = YES;
				CLANG_WARN_EMPTY_BODY = YES;
				CLANG_WARN_ENUM_CONVERSION = YES;
				CLANG_WARN_INFINITE_RECURSION = YES;
				CLANG_WARN_INT_CONVERSION = YES;
				CLANG_WARN_NON_LITERAL_NULL_CONVERSION = YES;
				CLANG_WARN_OBJC_IMPLICIT_RETAIN_SELF = YES;
				CLANG_WARN_OBJC_LITERAL_CONVERSION = YES;
				CLANG_WARN_OBJC_ROOT_CLASS = YES_ERROR;
				CLANG_WARN_RANGE_LOOP_ANALYSIS = YES;
				CLANG_WARN_STRICT_PROTOTYPES = YES;
				CLANG_WARN_SUSPICIOUS_MOVE = YES;
				CLANG_WARN_UNGUARDED_AVAILABILITY = YES_AGGRESSIVE;
				CLANG_WARN_UNREACHABLE_CODE = YES;
				CLANG_WARN__DUPLICATE_METHOD_MATCH = YES;
				CODE_SIGN_IDENTITY = "iPhone Developer";
				COPY_PHASE_STRIP = NO;
				DEBUG_INFORMATION_FORMAT = dwarf;
				ENABLE_STRICT_OBJC_MSGSEND = YES;
				ENABLE_TESTABILITY = YES;
				GCC_C_LANGUAGE_STANDARD = gnu11;
				GCC_DYNAMIC_NO_PIC = NO;
				GCC_NO_COMMON_BLOCKS = YES;
				GCC_OPTIMIZATION_LEVEL = 0;
				GCC_PREPROCESSOR_DEFINITIONS = (
					"DEBUG=1",
					"$(inherited)",
				);
				GCC_WARN_64_TO_32_BIT_CONVERSION = YES;
				GCC_WARN_ABOUT_RETURN_TYPE = YES_ERROR;
				GCC_WARN_UNDECLARED_SELECTOR = YES;
				GCC_WARN_UNINITIALIZED_AUTOS = YES_AGGRESSIVE;
				GCC_WARN_UNUSED_FUNCTION = YES;
				GCC_WARN_UNUSED_VARIABLE = YES;
				IPHONEOS_DEPLOYMENT_TARGET = 12.4;
				MTL_ENABLE_DEBUG_INFO = INCLUDE_SOURCE;
				MTL_FAST_MATH = YES;
				ONLY_ACTIVE_ARCH = YES;
				SDKROOT = iphoneos;
				SWIFT_ACTIVE_COMPILATION_CONDITIONS = DEBUG;
				SWIFT_OPTIMIZATION_LEVEL = "-Onone";
			};
			name = Debug;
		};
		34442E5A230DBE6500472D82 /* Release */ = {
			isa = XCBuildConfiguration;
			buildSettings = {
				ALWAYS_SEARCH_USER_PATHS = NO;
				CLANG_ANALYZER_NONNULL = YES;
				CLANG_ANALYZER_NUMBER_OBJECT_CONVERSION = YES_AGGRESSIVE;
				CLANG_CXX_LANGUAGE_STANDARD = "gnu++14";
				CLANG_CXX_LIBRARY = "libc++";
				CLANG_ENABLE_MODULES = YES;
				CLANG_ENABLE_OBJC_ARC = YES;
				CLANG_ENABLE_OBJC_WEAK = YES;
				CLANG_WARN_BLOCK_CAPTURE_AUTORELEASING = YES;
				CLANG_WARN_BOOL_CONVERSION = YES;
				CLANG_WARN_COMMA = YES;
				CLANG_WARN_CONSTANT_CONVERSION = YES;
				CLANG_WARN_DEPRECATED_OBJC_IMPLEMENTATIONS = YES;
				CLANG_WARN_DIRECT_OBJC_ISA_USAGE = YES_ERROR;
				CLANG_WARN_DOCUMENTATION_COMMENTS = YES;
				CLANG_WARN_EMPTY_BODY = YES;
				CLANG_WARN_ENUM_CONVERSION = YES;
				CLANG_WARN_INFINITE_RECURSION = YES;
				CLANG_WARN_INT_CONVERSION = YES;
				CLANG_WARN_NON_LITERAL_NULL_CONVERSION = YES;
				CLANG_WARN_OBJC_IMPLICIT_RETAIN_SELF = YES;
				CLANG_WARN_OBJC_LITERAL_CONVERSION = YES;
				CLANG_WARN_OBJC_ROOT_CLASS = YES_ERROR;
				CLANG_WARN_RANGE_LOOP_ANALYSIS = YES;
				CLANG_WARN_STRICT_PROTOTYPES = YES;
				CLANG_WARN_SUSPICIOUS_MOVE = YES;
				CLANG_WARN_UNGUARDED_AVAILABILITY = YES_AGGRESSIVE;
				CLANG_WARN_UNREACHABLE_CODE = YES;
				CLANG_WARN__DUPLICATE_METHOD_MATCH = YES;
				CODE_SIGN_IDENTITY = "iPhone Developer";
				COPY_PHASE_STRIP = NO;
				DEBUG_INFORMATION_FORMAT = "dwarf-with-dsym";
				ENABLE_NS_ASSERTIONS = NO;
				ENABLE_STRICT_OBJC_MSGSEND = YES;
				GCC_C_LANGUAGE_STANDARD = gnu11;
				GCC_NO_COMMON_BLOCKS = YES;
				GCC_WARN_64_TO_32_BIT_CONVERSION = YES;
				GCC_WARN_ABOUT_RETURN_TYPE = YES_ERROR;
				GCC_WARN_UNDECLARED_SELECTOR = YES;
				GCC_WARN_UNINITIALIZED_AUTOS = YES_AGGRESSIVE;
				GCC_WARN_UNUSED_FUNCTION = YES;
				GCC_WARN_UNUSED_VARIABLE = YES;
				IPHONEOS_DEPLOYMENT_TARGET = 12.4;
				MTL_ENABLE_DEBUG_INFO = NO;
				MTL_FAST_MATH = YES;
				SDKROOT = iphoneos;
				SWIFT_COMPILATION_MODE = wholemodule;
				SWIFT_OPTIMIZATION_LEVEL = "-O";
				VALIDATE_PRODUCT = YES;
			};
			name = Release;
		};
		34442E5C230DBE6500472D82 /* Debug */ = {
			isa = XCBuildConfiguration;
			buildSettings = {
				ASSETCATALOG_COMPILER_APPICON_NAME = AppIcon;
				CODE_SIGN_STYLE = Automatic;
				DEVELOPMENT_TEAM = 6LQBZJCAVM;
				INFOPLIST_FILE = UICollectionView/Info.plist;
				LD_RUNPATH_SEARCH_PATHS = (
					"$(inherited)",
					"@executable_path/Frameworks",
				);
				PRODUCT_BUNDLE_IDENTIFIER = josaelDevs.UICollectionView;
				PRODUCT_NAME = "$(TARGET_NAME)";
				SWIFT_VERSION = 5.0;
				TARGETED_DEVICE_FAMILY = "1,2";
			};
			name = Debug;
		};
		34442E5D230DBE6500472D82 /* Release */ = {
			isa = XCBuildConfiguration;
			buildSettings = {
				ASSETCATALOG_COMPILER_APPICON_NAME = AppIcon;
				CODE_SIGN_STYLE = Automatic;
				DEVELOPMENT_TEAM = 6LQBZJCAVM;
				INFOPLIST_FILE = UICollectionView/Info.plist;
				LD_RUNPATH_SEARCH_PATHS = (
					"$(inherited)",
					"@executable_path/Frameworks",
				);
				PRODUCT_BUNDLE_IDENTIFIER = josaelDevs.UICollectionView;
				PRODUCT_NAME = "$(TARGET_NAME)";
				SWIFT_VERSION = 5.0;
				TARGETED_DEVICE_FAMILY = "1,2";
			};
			name = Release;
		};
		34442E5F230DBE6500472D82 /* Debug */ = {
			isa = XCBuildConfiguration;
			buildSettings = {
				ALWAYS_EMBED_SWIFT_STANDARD_LIBRARIES = YES;
				BUNDLE_LOADER = "$(TEST_HOST)";
				CODE_SIGN_STYLE = Automatic;
				DEVELOPMENT_TEAM = 6LQBZJCAVM;
				INFOPLIST_FILE = UICollectionViewTests/Info.plist;
				LD_RUNPATH_SEARCH_PATHS = (
					"$(inherited)",
					"@executable_path/Frameworks",
					"@loader_path/Frameworks",
				);
				PRODUCT_BUNDLE_IDENTIFIER = josaelDevs.UICollectionViewTests;
				PRODUCT_NAME = "$(TARGET_NAME)";
				SWIFT_VERSION = 5.0;
				TARGETED_DEVICE_FAMILY = "1,2";
				TEST_HOST = "$(BUILT_PRODUCTS_DIR)/UICollectionView.app/UICollectionView";
			};
			name = Debug;
		};
		34442E60230DBE6500472D82 /* Release */ = {
			isa = XCBuildConfiguration;
			buildSettings = {
				ALWAYS_EMBED_SWIFT_STANDARD_LIBRARIES = YES;
				BUNDLE_LOADER = "$(TEST_HOST)";
				CODE_SIGN_STYLE = Automatic;
				DEVELOPMENT_TEAM = 6LQBZJCAVM;
				INFOPLIST_FILE = UICollectionViewTests/Info.plist;
				LD_RUNPATH_SEARCH_PATHS = (
					"$(inherited)",
					"@executable_path/Frameworks",
					"@loader_path/Frameworks",
				);
				PRODUCT_BUNDLE_IDENTIFIER = josaelDevs.UICollectionViewTests;
				PRODUCT_NAME = "$(TARGET_NAME)";
				SWIFT_VERSION = 5.0;
				TARGETED_DEVICE_FAMILY = "1,2";
				TEST_HOST = "$(BUILT_PRODUCTS_DIR)/UICollectionView.app/UICollectionView";
			};
			name = Release;
		};
		34442E62230DBE6500472D82 /* Debug */ = {
			isa = XCBuildConfiguration;
			buildSettings = {
				ALWAYS_EMBED_SWIFT_STANDARD_LIBRARIES = YES;
				CODE_SIGN_STYLE = Automatic;
				DEVELOPMENT_TEAM = 6LQBZJCAVM;
				INFOPLIST_FILE = UICollectionViewUITests/Info.plist;
				LD_RUNPATH_SEARCH_PATHS = (
					"$(inherited)",
					"@executable_path/Frameworks",
					"@loader_path/Frameworks",
				);
				PRODUCT_BUNDLE_IDENTIFIER = josaelDevs.UICollectionViewUITests;
				PRODUCT_NAME = "$(TARGET_NAME)";
				SWIFT_VERSION = 5.0;
				TARGETED_DEVICE_FAMILY = "1,2";
				TEST_TARGET_NAME = UICollectionView;
			};
			name = Debug;
		};
		34442E63230DBE6500472D82 /* Release */ = {
			isa = XCBuildConfiguration;
			buildSettings = {
				ALWAYS_EMBED_SWIFT_STANDARD_LIBRARIES = YES;
				CODE_SIGN_STYLE = Automatic;
				DEVELOPMENT_TEAM = 6LQBZJCAVM;
				INFOPLIST_FILE = UICollectionViewUITests/Info.plist;
				LD_RUNPATH_SEARCH_PATHS = (
					"$(inherited)",
					"@executable_path/Frameworks",
					"@loader_path/Frameworks",
				);
				PRODUCT_BUNDLE_IDENTIFIER = josaelDevs.UICollectionViewUITests;
				PRODUCT_NAME = "$(TARGET_NAME)";
				SWIFT_VERSION = 5.0;
				TARGETED_DEVICE_FAMILY = "1,2";
				TEST_TARGET_NAME = UICollectionView;
			};
			name = Release;
		};
/* End XCBuildConfiguration section */

/* Begin XCConfigurationList section */
		34442E2E230DBE6300472D82 /* Build configuration list for PBXProject "UICollectionView" */ = {
			isa = XCConfigurationList;
			buildConfigurations = (
				34442E59230DBE6500472D82 /* Debug */,
				34442E5A230DBE6500472D82 /* Release */,
			);
			defaultConfigurationIsVisible = 0;
			defaultConfigurationName = Release;
		};
		34442E5B230DBE6500472D82 /* Build configuration list for PBXNativeTarget "UICollectionView" */ = {
			isa = XCConfigurationList;
			buildConfigurations = (
				34442E5C230DBE6500472D82 /* Debug */,
				34442E5D230DBE6500472D82 /* Release */,
			);
			defaultConfigurationIsVisible = 0;
			defaultConfigurationName = Release;
		};
		34442E5E230DBE6500472D82 /* Build configuration list for PBXNativeTarget "UICollectionViewTests" */ = {
			isa = XCConfigurationList;
			buildConfigurations = (
				34442E5F230DBE6500472D82 /* Debug */,
				34442E60230DBE6500472D82 /* Release */,
			);
			defaultConfigurationIsVisible = 0;
			defaultConfigurationName = Release;
		};
		34442E61230DBE6500472D82 /* Build configuration list for PBXNativeTarget "UICollectionViewUITests" */ = {
			isa = XCConfigurationList;
			buildConfigurations = (
				34442E62230DBE6500472D82 /* Debug */,
				34442E63230DBE6500472D82 /* Release */,
			);
			defaultConfigurationIsVisible = 0;
			defaultConfigurationName = Release;
		};
/* End XCConfigurationList section */
	};
	rootObject = 34442E2B230DBE6300472D82 /* Project object */;
}
